Microsoft Visual Studio Solution File, Format Version 11.00
# Visual Studio 2008

Project("{B97CC3E1-CF89-9D40-6FEA-2651BA807019}") = "STERT", "Assembly-CSharp.csproj", "{7CD9F38B-0D74-7920-4B26-09CB617014CE}"
EndProject
Global
	GlobalSection(SolutionConfigurationPlatforms) = preSolution
		Debug|Any CPU = Debug|Any CPU
		Release|Any CPU = Release|Any CPU
	EndGlobalSection
	GlobalSection(ProjectConfigurationPlatforms) = postSolution
		{7CD9F38B-0D74-7920-4B26-09CB617014CE}.Debug|Any CPU.ActiveCfg = Debug|Any CPU
		{7CD9F38B-0D74-7920-4B26-09CB617014CE}.Debug|Any CPU.Build.0 = Debug|Any CPU
		{7CD9F38B-0D74-7920-4B26-09CB617014CE}.Release|Any CPU.ActiveCfg = Release|Any CPU
		{7CD9F38B-0D74-7920-4B26-09CB617014CE}.Release|Any CPU.Build.0 = Release|Any CPU
	EndGlobalSection
	GlobalSection(SolutionProperties) = preSolution
		HideSolutionNode = FALSE
	EndGlobalSection
	GlobalSection(MonoDevelopProperties) = preSolution
		StartupItem = Assembly-CSharp.csproj
	EndGlobalSection
EndGlobal
